
Microsoft Visual Studio Solution File, Format Version 12.00
# Visual Studio Version 16
VisualStudioVersion = 16.0.31205.134
MinimumVisualStudioVersion = 10.0.40219.1
Project("{FAE04EC0-301F-11D3-BF4B-00C04F79EFBC}") = "UInspect", "UInspect\UInspect.csproj", "{2AC46E45-03BE-4107-84B0-B7771BDD7E5A}"
EndProject
Global
	GlobalSection(SolutionConfigurationPlatforms) = preSolution
		Debug|Any CPU = Debug|Any CPU
		Release|Any CPU = Release|Any CPU
	EndGlobalSection
	GlobalSection(ProjectConfigurationPlatforms) = postSolution
		{2AC46E45-03BE-4107-84B0-B7771BDD7E5A}.Debug|Any CPU.ActiveCfg = Debug|Any CPU
		{2AC46E45-03BE-4107-84B0-B7771BDD7E5A}.Debug|Any CPU.Build.0 = Debug|Any CPU
		{2AC46E45-03BE-4107-84B0-B7771BDD7E5A}.Release|Any CPU.ActiveCfg = Release|Any CPU
		{2AC46E45-03BE-4107-84B0-B7771BDD7E5A}.Release|Any CPU.Build.0 = Release|Any CPU
	EndGlobalSection
	GlobalSection(SolutionProperties) = preSolution
		HideSolutionNode = FALSE
	EndGlobalSection
	GlobalSection(ExtensibilityGlobals) = postSolution
		SolutionGuid = {E9BB68FF-12CD-4108-BAD1-073306AC5DF4}
	EndGlobalSection
EndGlobal
